{
 "name": "@tagmein/civil-memory_test_cloudflare",
 "version": "0.0.0",
 "lockfileVersion": 3,
 "requires": true,
 "packages": {
  "": {
   "name": "@tagmein/civil-memory_test_cloudflare",
   "version": "0.0.0",
   "license": "ISC",
   "dependencies": {
    "@tagmein/civil-memory": "^0.0.7"
   },
   "devDependencies": {
    "@cloudflare/workers-types": "^4.20231121.0"
   }
  },
  "node_modules/@cloudflare/workers-types": {
   "version": "4.20231121.0",
   "resolved": "https://registry.npmjs.org/@cloudflare/workers-types/-/workers-types-4.20231121.0.tgz",
   "integrity": "sha512-+kWfpCkqiepwAKXyHoE0gnkPgkLhz0/9HOBIGhHRsUvUKvhUtm3mbqqoGRWgF1qcjzrDUBbrrOq4MYHfFtc2RA==",
   "dev": true
  },
  "node_modules/@tagmein/civil-memory": {
   "version": "0.0.7",
   "resolved": "https://registry.npmjs.org/@tagmein/civil-memory/-/civil-memory-0.0.7.tgz",
   "integrity": "sha512-Qhks5YjVAhNmADygI90d5CvG/aLA9r1nuskhf3+gpCMuydrmkIn/lN6ne9Fccv1uUidGPIoO5oEdLDsWzhdpMw==",
   "dependencies": {
    "@vercel/kv": "^1.0.0"
   }
  },
  "node_modules/@upstash/redis": {
   "version": "1.24.3",
   "resolved": "https://registry.npmjs.org/@upstash/redis/-/redis-1.24.3.tgz",
   "integrity": "sha512-gw6d4IA1biB4eye5ESaXc0zOlVQI94aptsBvVcTghYWu1kRmOrJFoMFEDCa8p5uzluyYAOFCuY2GWLR6O4ZoIw==",
   "dependencies": {
    "crypto-js": "^4.2.0"
   }
  },
  "node_modules/@vercel/kv": {
   "version": "1.0.0",
   "resolved": "https://registry.npmjs.org/@vercel/kv/-/kv-1.0.0.tgz",
   "integrity": "sha512-StouXunmEqUfKE+1joSYfELWEEnI1MhTnzUdarHtv6H18RAm3cf5u5g9ElvA1DJNHcrMT6g5yVAhZcYRbk6lvg==",
   "dependencies": {
    "@upstash/redis": "1.24.3"
   },
   "engines": {
    "node": ">=14.6"
   }
  },
  "node_modules/crypto-js": {
   "version": "4.2.0",
   "resolved": "https://registry.npmjs.org/crypto-js/-/crypto-js-4.2.0.tgz",
   "integrity": "sha512-KALDyEYgpY+Rlob/iriUtjV6d5Eq+Y191A5g4UqLAi8CyGP9N1+FdVbkc1SxKc2r4YAYqG8JzO2KGL+AizD70Q=="
  }
 }
}
